{
  "originHash" : "127f04e6de4eca6ddcb35b32cb288f683ff7819f7ea9818f3d94404f55dfd199",
  "pins" : [
    {
      "identity" : "hotwire-native-ios",
      "kind" : "remoteSourceControl",
      "location" : "https://github.com/hotwired/hotwire-native-ios",
      "state" : {
        "revision" : "595dba37c4918afd0e2d470109bc0c356d6e9afe",
        "version" : "1.2.2"
      }
    },
    {
      "identity" : "purchasekit-ios",
      "kind" : "remoteSourceControl",
      "location" : "https://github.com/purchasekit/purchasekit-ios",
      "state" : {
        "revision" : "c6b242256fd9eae9d1805788c3f4a709bdd78ffb",
        "version" : "0.1.4"
      }
    }
  ],
  "version" : 3
}
