{
  "originHash" : "127f04e6de4eca6ddcb35b32cb288f683ff7819f7ea9818f3d94404f55dfd199",
  "pins" : [
    {
      "identity" : "hotwire-native-ios",
      "kind" : "remoteSourceControl",
      "location" : "https://github.com/hotwired/hotwire-native-ios",
      "state" : {
        "revision" : "595dba37c4918afd0e2d470109bc0c356d6e9afe",
        "version" : "1.2.2"
      }
    },
    {
      "identity" : "purchasekit-ios",
      "kind" : "remoteSourceControl",
      "location" : "https://github.com/purchasekit/purchasekit-ios",
      "state" : {
        "revision" : "bc439a6119325e33812aa1bf8301b97465dac82f",
        "version" : "0.4.2"
      }
    }
  ],
  "version" : 3
}
